{
  "projects": [
    {
      "projectId": "seaQhLVS4bbjiGvJJrRwyL",
      "version": "15.0.3",
      "dependencies": {},
      "lang": "js",
      "fileLocks": [
        {
          "assetId": "seaQhLVS4bbjiGvJJrRwyL",
          "type": "projectCss",
          "checksum": "dc88471beadb978e51eb3ceb75d10fdb"
        }
      ]
    },
    {
      "projectId": "oQxpKrjZ7ipxCRCmWKxYNo",
      "version": "latest",
      "dependencies": {
        "seaQhLVS4bbjiGvJJrRwyL": "15.0.3"
      },
      "lang": "js",
      "fileLocks": [
        {
          "type": "globalVariant",
          "assetId": "CG0yLicY_C0Ek0",
          "checksum": "dfcaddd3a5c77c8c74d77e3789cff392"
        },
        {
          "assetId": "oQxpKrjZ7ipxCRCmWKxYNo",
          "type": "projectCss",
          "checksum": "e575c53a5464386d19ccfc0193f77dd6"
        },
        {
          "type": "renderModule",
          "assetId": "H2oRq8V94Iyhy",
          "checksum": "bba32d1b9cbc1392cfdfca2885cc4396"
        },
        {
          "type": "cssRules",
          "assetId": "H2oRq8V94Iyhy",
          "checksum": "bba32d1b9cbc1392cfdfca2885cc4396"
        },
        {
          "type": "renderModule",
          "assetId": "qIieVZlT9b_qk",
          "checksum": "042b053eb3746df0dd592c2f3d6d8384"
        },
        {
          "type": "cssRules",
          "assetId": "qIieVZlT9b_qk",
          "checksum": "042b053eb3746df0dd592c2f3d6d8384"
        },
        {
          "type": "renderModule",
          "assetId": "C7jmfZw6RPkXf",
          "checksum": "90e49edda1078e4c331d6f8f6a0f3aad"
        },
        {
          "type": "cssRules",
          "assetId": "C7jmfZw6RPkXf",
          "checksum": "90e49edda1078e4c331d6f8f6a0f3aad"
        },
        {
          "type": "renderModule",
          "assetId": "fY9t7C_dRHrIZ",
          "checksum": "70d62509a0dfdb9e440ea3fc54b90ad8"
        },
        {
          "type": "cssRules",
          "assetId": "fY9t7C_dRHrIZ",
          "checksum": "70d62509a0dfdb9e440ea3fc54b90ad8"
        },
        {
          "type": "renderModule",
          "assetId": "oviz5ynJ1t8YU",
          "checksum": "aa8131be214ab5dfd64fa66a13dbd19e"
        },
        {
          "type": "cssRules",
          "assetId": "oviz5ynJ1t8YU",
          "checksum": "aa8131be214ab5dfd64fa66a13dbd19e"
        },
        {
          "type": "renderModule",
          "assetId": "nb0Peah467c-V",
          "checksum": "b9b5d8de3408c634c36752f07fb50170"
        },
        {
          "type": "cssRules",
          "assetId": "nb0Peah467c-V",
          "checksum": "b9b5d8de3408c634c36752f07fb50170"
        },
        {
          "type": "renderModule",
          "assetId": "QD-7Z2UqrLMLs",
          "checksum": "cccead1cba046c7d2458e95f71b7f26f"
        },
        {
          "type": "cssRules",
          "assetId": "QD-7Z2UqrLMLs",
          "checksum": "cccead1cba046c7d2458e95f71b7f26f"
        },
        {
          "type": "renderModule",
          "assetId": "rMEog6jLy-MgC",
          "checksum": "7eefdf1fce17c833dcada55564f7ef8f"
        },
        {
          "type": "cssRules",
          "assetId": "rMEog6jLy-MgC",
          "checksum": "7eefdf1fce17c833dcada55564f7ef8f"
        },
        {
          "type": "renderModule",
          "assetId": "oKO1--jgELabR",
          "checksum": "e9349cade912ad1fd070cd4c58afd048"
        },
        {
          "type": "cssRules",
          "assetId": "oKO1--jgELabR",
          "checksum": "e9349cade912ad1fd070cd4c58afd048"
        },
        {
          "type": "renderModule",
          "assetId": "MuIKEboalbiOOM",
          "checksum": "5365c3f6f1b72f1c018a763d8e62468f"
        },
        {
          "type": "cssRules",
          "assetId": "MuIKEboalbiOOM",
          "checksum": "5365c3f6f1b72f1c018a763d8e62468f"
        },
        {
          "type": "renderModule",
          "assetId": "Fo0mNaTgDlB3VC",
          "checksum": "01d0b12e62124418e0743e8e90c2f83a"
        },
        {
          "type": "cssRules",
          "assetId": "Fo0mNaTgDlB3VC",
          "checksum": "01d0b12e62124418e0743e8e90c2f83a"
        },
        {
          "type": "renderModule",
          "assetId": "z2-OcpTtsC7G72",
          "checksum": "10dcee9be06e09d41481ca1d16156a33"
        },
        {
          "type": "cssRules",
          "assetId": "z2-OcpTtsC7G72",
          "checksum": "10dcee9be06e09d41481ca1d16156a33"
        },
        {
          "type": "renderModule",
          "assetId": "ydQM360SoG6WA_",
          "checksum": "1342cc3b790e346c159be8ba2b24bc70"
        },
        {
          "type": "cssRules",
          "assetId": "ydQM360SoG6WA_",
          "checksum": "1342cc3b790e346c159be8ba2b24bc70"
        },
        {
          "type": "renderModule",
          "assetId": "VHTtjgKnGNjrQZ",
          "checksum": "08aa815e6f07569d61718ddbe300a58c"
        },
        {
          "type": "cssRules",
          "assetId": "VHTtjgKnGNjrQZ",
          "checksum": "08aa815e6f07569d61718ddbe300a58c"
        },
        {
          "type": "renderModule",
          "assetId": "VY2zRNWA3ZRWzF",
          "checksum": "b5ee6c068ccc32e6dcef0e954bfbc656"
        },
        {
          "type": "cssRules",
          "assetId": "VY2zRNWA3ZRWzF",
          "checksum": "b5ee6c068ccc32e6dcef0e954bfbc656"
        },
        {
          "type": "renderModule",
          "assetId": "GI6t4dr-a2BBI3",
          "checksum": "25db9162a8749375ab30daadb55c6462"
        },
        {
          "type": "cssRules",
          "assetId": "GI6t4dr-a2BBI3",
          "checksum": "25db9162a8749375ab30daadb55c6462"
        },
        {
          "type": "renderModule",
          "assetId": "uD9l-4iI5PxT5z",
          "checksum": "816730258f7084727c732da65db878aa"
        },
        {
          "type": "cssRules",
          "assetId": "uD9l-4iI5PxT5z",
          "checksum": "816730258f7084727c732da65db878aa"
        },
        {
          "type": "icon",
          "assetId": "ikYsLLT0TOOOVX",
          "checksum": "c21a7259fb7eb708a415d191fab5be12"
        },
        {
          "type": "icon",
          "assetId": "tC0mnCHDZMiN_u",
          "checksum": "516d0d1c2512f273a51db7de0ca1bbac"
        },
        {
          "type": "icon",
          "assetId": "T-GI87zaPB9ts5",
          "checksum": "efd79174402c582a67496f6388ecfb60"
        },
        {
          "type": "icon",
          "assetId": "5stIHV7hZUgZml",
          "checksum": "95a202fc3d2c23a7ce719b086987be5d"
        },
        {
          "type": "icon",
          "assetId": "pXIWgyovdQI0hc",
          "checksum": "ea2977c4601ce4b07f71246149255508"
        },
        {
          "type": "icon",
          "assetId": "uu63DZlVsSK2G4",
          "checksum": "e5da9e09dab4d982d85d825bd012e7da"
        },
        {
          "type": "icon",
          "assetId": "rxppHGRqs9pjpS",
          "checksum": "42d4be05963be8ed63f5bf562bb768b2"
        },
        {
          "type": "icon",
          "assetId": "3eQgcGwL8DTUWW",
          "checksum": "9ae1a1f47a69d3060b53c6366267a6f7"
        },
        {
          "type": "icon",
          "assetId": "xdRU9EsC07tuVy",
          "checksum": "0ab820f90bc4d4ea710264aaf64dddae"
        },
        {
          "type": "icon",
          "assetId": "kGlg_njhHj1W7i",
          "checksum": "4603b2091a5f28a1aca3b8790dfe31b1"
        },
        {
          "type": "icon",
          "assetId": "kCygtreP_ngdgo",
          "checksum": "c4d5a0ae75d9094e040193d3a36de38c"
        },
        {
          "type": "icon",
          "assetId": "ufYTCdPoImbWaO",
          "checksum": "3d7092dd37d51ad2d04801473df3be33"
        },
        {
          "type": "icon",
          "assetId": "PkKNslC0MGHePW",
          "checksum": "6eaedc63e1b63c134fdd4ae3dd62c240"
        },
        {
          "type": "icon",
          "assetId": "LjlD5OXxawap0l",
          "checksum": "96452071fb1903ceb718771b474aac90"
        },
        {
          "type": "icon",
          "assetId": "UwsrDuu8IKyswr",
          "checksum": "5a24d44ff98eb6b7c2c3f8f374a3d8b3"
        },
        {
          "type": "icon",
          "assetId": "IfVVnX-OH-H3ei",
          "checksum": "5f180dbd549c59a8f36ee1bbe19bf4fb"
        },
        {
          "type": "icon",
          "assetId": "fOZWp4eIBFKnjk",
          "checksum": "40e3e2b7eeaceb291d114401383d3a1d"
        },
        {
          "type": "icon",
          "assetId": "zFDmZ3wCcWptX_",
          "checksum": "cc63bd085a6ac74be7458836b1a6113a"
        },
        {
          "type": "icon",
          "assetId": "g9jj2iR01gbYv0",
          "checksum": "11b12610618afc1b5e1bb508b1b397bd"
        },
        {
          "type": "image",
          "assetId": "QD46_MFBzR-U1I",
          "checksum": "b04ebe3cfdfc505bdd7fcc0c3799b6ba"
        },
        {
          "type": "image",
          "assetId": "apH_xUroK7tVYn",
          "checksum": "3c9923dca5007f4b12e5147dc8238689"
        },
        {
          "type": "image",
          "assetId": "ZhEXJkjgFc9HzG",
          "checksum": "0715312c1b40ddb7169c49c0d169d757"
        },
        {
          "type": "image",
          "assetId": "f4Giz4hWhAbdgw",
          "checksum": "93c68b276f6aaf6c45f7cf25d5dda4b7"
        }
      ]
    }
  ],
  "cliVersion": "0.1.151"
}
